// !$*UTF8*$!
{
	archiveVersion = 1;
	classes = {
	};
	objectVersion = 50;
	objects = {

/* Begin PBXBuildFile section */
		B1017B16252DD7620094CAEE /* AppDelegate.swift in Sources */ = {isa = PBXBuildFile; fileRef = B1017B15252DD7620094CAEE /* AppDelegate.swift */; };
		B1017B18252DD7620094CAEE /* SceneDelegate.swift in Sources */ = {isa = PBXBuildFile; fileRef = B1017B17252DD7620094CAEE /* SceneDelegate.swift */; };
		B1017B1A252DD7620094CAEE /* ContentView.swift in Sources */ = {isa = PBXBuildFile; fileRef = B1017B19252DD7620094CAEE /* ContentView.swift */; };
		B1017B1C252DD7650094CAEE /* Assets.xcassets in Resources */ = {isa = PBXBuildFile; fileRef = B1017B1B252DD7650094CAEE /* Assets.xcassets */; };
		B1017B1F252DD7650094CAEE /* Preview Assets.xcassets in Resources */ = {isa = PBXBuildFile; fileRef = B1017B1E252DD7650094CAEE /* Preview Assets.xcassets */; };
		B1017B22252DD7650094CAEE /* LaunchScreen.storyboard in Resources */ = {isa = PBXBuildFile; fileRef = B1017B20252DD7650094CAEE /* LaunchScreen.storyboard */; };
		B1017B2A252DD8490094CAEE /* ExpandableButtonItem.swift in Sources */ = {isa = PBXBuildFile; fileRef = B1017B29252DD8490094CAEE /* ExpandableButtonItem.swift */; };
		B1017B2C252DD8B60094CAEE /* ExpandableButtonPanel.swift in Sources */ = {isa = PBXBuildFile; fileRef = B1017B2B252DD8B60094CAEE /* ExpandableButtonPanel.swift */; };
/* End PBXBuildFile section */

/* Begin PBXFileReference section */
		B1017B12252DD7620094CAEE /* ExpandableButtonSwiftUI.app */ = {isa = PBXFileReference; explicitFileType = wrapper.application; includeInIndex = 0; path = ExpandableButtonSwiftUI.app; sourceTree = BUILT_PRODUCTS_DIR; };
		B1017B15252DD7620094CAEE /* AppDelegate.swift */ = {isa = PBXFileReference; lastKnownFileType = sourcecode.swift; path = AppDelegate.swift; sourceTree = "<group>"; };
		B1017B17252DD7620094CAEE /* SceneDelegate.swift */ = {isa = PBXFileReference; lastKnownFileType = sourcecode.swift; path = SceneDelegate.swift; sourceTree = "<group>"; };
		B1017B19252DD7620094CAEE /* ContentView.swift */ = {isa = PBXFileReference; lastKnownFileType = sourcecode.swift; path = ContentView.swift; sourceTree = "<group>"; };
		B1017B1B252DD7650094CAEE /* Assets.xcassets */ = {isa = PBXFileReference; lastKnownFileType = folder.assetcatalog; path = Assets.xcassets; sourceTree = "<group>"; };
		B1017B1E252DD7650094CAEE /* Preview Assets.xcassets */ = {isa = PBXFileReference; lastKnownFileType = folder.assetcatalog; path = "Preview Assets.xcassets"; sourceTree = "<group>"; };
		B1017B21252DD7650094CAEE /* Base */ = {isa = PBXFileReference; lastKnownFileType = file.storyboard; name = Base; path = Base.lproj/LaunchScreen.storyboard; sourceTree = "<group>"; };
		B1017B23252DD7650094CAEE /* Info.plist */ = {isa = PBXFileReference; lastKnownFileType = text.plist.xml; path = Info.plist; sourceTree = "<group>"; };
		B1017B29252DD8490094CAEE /* ExpandableButtonItem.swift */ = {isa = PBXFileReference; lastKnownFileType = sourcecode.swift; path = ExpandableButtonItem.swift; sourceTree = "<group>"; };
		B1017B2B252DD8B60094CAEE /* ExpandableButtonPanel.swift */ = {isa = PBXFileReference; lastKnownFileType = sourcecode.swift; path = ExpandableButtonPanel.swift; sourceTree = "<group>"; };
/* End PBXFileReference section */

/* Begin PBXFrameworksBuildPhase section */
		B1017B0F252DD7620094CAEE /* Frameworks */ = {
			isa = PBXFrameworksBuildPhase;
			buildActionMask = 2147483647;
			files = (
			);
			runOnlyForDeploymentPostprocessing = 0;
		};
/* End PBXFrameworksBuildPhase section */

/* Begin PBXGroup section */
		B1017B09252DD7620094CAEE = {
			isa = PBXGroup;
			children = (
				B1017B14252DD7620094CAEE /* ExpandableButtonSwiftUI */,
				B1017B13252DD7620094CAEE /* Products */,
			);
			sourceTree = "<group>";
		};
		B1017B13252DD7620094CAEE /* Products */ = {
			isa = PBXGroup;
			children = (
				B1017B12252DD7620094CAEE /* ExpandableButtonSwiftUI.app */,
			);
			name = Products;
			sourceTree = "<group>";
		};
		B1017B14252DD7620094CAEE /* ExpandableButtonSwiftUI */ = {
			isa = PBXGroup;
			children = (
				B1017B15252DD7620094CAEE /* AppDelegate.swift */,
				B1017B17252DD7620094CAEE /* SceneDelegate.swift */,
				B1017B19252DD7620094CAEE /* ContentView.swift */,
				B1017B2B252DD8B60094CAEE /* ExpandableButtonPanel.swift */,
				B1017B29252DD8490094CAEE /* ExpandableButtonItem.swift */,
				B1017B1B252DD7650094CAEE /* Assets.xcassets */,
				B1017B20252DD7650094CAEE /* LaunchScreen.storyboard */,
				B1017B23252DD7650094CAEE /* Info.plist */,
				B1017B1D252DD7650094CAEE /* Preview Content */,
			);
			path = ExpandableButtonSwiftUI;
			sourceTree = "<group>";
		};
		B1017B1D252DD7650094CAEE /* Preview Content */ = {
			isa = PBXGroup;
			children = (
				B1017B1E252DD7650094CAEE /* Preview Assets.xcassets */,
			);
			path = "Preview Content";
			sourceTree = "<group>";
		};
/* End PBXGroup section */

/* Begin PBXNativeTarget section */
		B1017B11252DD7620094CAEE /* ExpandableButtonSwiftUI */ = {
			isa = PBXNativeTarget;
			buildConfigurationList = B1017B26252DD7650094CAEE /* Build configuration list for PBXNativeTarget "ExpandableButtonSwiftUI" */;
			buildPhases = (
				B1017B0E252DD7620094CAEE /* Sources */,
				B1017B0F252DD7620094CAEE /* Frameworks */,
				B1017B10252DD7620094CAEE /* Resources */,
			);
			buildRules = (
			);
			dependencies = (
			);
			name = ExpandableButtonSwiftUI;
			productName = ExpandableButtonSwiftUI;
			productReference = B1017B12252DD7620094CAEE /* ExpandableButtonSwiftUI.app */;
			productType = "com.apple.product-type.application";
		};
/* End PBXNativeTarget section */

/* Begin PBXProject section */
		B1017B0A252DD7620094CAEE /* Project object */ = {
			isa = PBXProject;
			attributes = {
				LastSwiftUpdateCheck = 1150;
				LastUpgradeCheck = 1150;
				ORGANIZATIONNAME = "Ashish Tyagi";
				TargetAttributes = {
					B1017B11252DD7620094CAEE = {
						CreatedOnToolsVersion = 11.5;
					};
				};
			};
			buildConfigurationList = B1017B0D252DD7620094CAEE /* Build configuration list for PBXProject "ExpandableButtonSwiftUI" */;
			compatibilityVersion = "Xcode 9.3";
			developmentRegion = en;
			hasScannedForEncodings = 0;
			knownRegions = (
				en,
				Base,
			);
			mainGroup = B1017B09252DD7620094CAEE;
			productRefGroup = B1017B13252DD7620094CAEE /* Products */;
			projectDirPath = "";
			projectRoot = "";
			targets = (
				B1017B11252DD7620094CAEE /* ExpandableButtonSwiftUI */,
			);
		};
/* End PBXProject section */

/* Begin PBXResourcesBuildPhase section */
		B1017B10252DD7620094CAEE /* Resources */ = {
			isa = PBXResourcesBuildPhase;
			buildActionMask = 2147483647;
			files = (
				B1017B22252DD7650094CAEE /* LaunchScreen.storyboard in Resources */,
				B1017B1F252DD7650094CAEE /* Preview Assets.xcassets in Resources */,
				B1017B1C252DD7650094CAEE /* Assets.xcassets in Resources */,
			);
			runOnlyForDeploymentPostprocessing = 0;
		};
/* End PBXResourcesBuildPhase section */

/* Begin PBXSourcesBuildPhase section */
		B1017B0E252DD7620094CAEE /* Sources */ = {
			isa = PBXSourcesBuildPhase;
			buildActionMask = 2147483647;
			files = (
				B1017B2A252DD8490094CAEE /* ExpandableButtonItem.swift in Sources */,
				B1017B2C252DD8B60094CAEE /* ExpandableButtonPanel.swift in Sources */,
				B1017B16252DD7620094CAEE /* AppDelegate.swift in Sources */,
				B1017B18252DD7620094CAEE /* SceneDelegate.swift in Sources */,
				B1017B1A252DD7620094CAEE /* ContentView.swift in Sources */,
			);
			runOnlyForDeploymentPostprocessing = 0;
		};
/* End PBXSourcesBuildPhase section */

/* Begin PBXVariantGroup section */
		B1017B20252DD7650094CAEE /* LaunchScreen.storyboard */ = {
			isa = PBXVariantGroup;
			children = (
				B1017B21252DD7650094CAEE /* Base */,
			);
			name = LaunchScreen.storyboard;
			sourceTree = "<group>";
		};
/* End PBXVariantGroup section */

/* Begin XCBuildConfiguration section */
		B1017B24252DD7650094CAEE /* Debug */ = {
			isa = XCBuildConfiguration;
			buildSettings = {
				ALWAYS_SEARCH_USER_PATHS = NO;
				CLANG_ANALYZER_NONNULL = YES;
				CLANG_ANALYZER_NUMBER_OBJECT_CONVERSION = YES_AGGRESSIVE;
				CLANG_CXX_LANGUAGE_STANDARD = "gnu++14";
				CLANG_CXX_LIBRARY = "libc++";
				CLANG_ENABLE_MODULES = YES;
				CLANG_ENABLE_OBJC_ARC = YES;
				CLANG_ENABLE_OBJC_WEAK = YES;
				CLANG_WARN_BLOCK_CAPTURE_AUTORELEASING = YES;
				CLANG_WARN_BOOL_CONVERSION = YES;
				CLANG_WARN_COMMA = YES;
				CLANG_WARN_CONSTANT_CONVERSION = YES;
				CLANG_WARN_DEPRECATED_OBJC_IMPLEMENTATIONS = YES;
				CLANG_WARN_DIRECT_OBJC_ISA_USAGE = YES_ERROR;
				CLANG_WARN_DOCUMENTATION_COMMENTS = YES;
				CLANG_WARN_EMPTY_BODY = YES;
				CLANG_WARN_ENUM_CONVERSION = YES;
				CLANG_WARN_INFINITE_RECURSION = YES;
				CLANG_WARN_INT_CONVERSION = YES;
				CLANG_WARN_NON_LITERAL_NULL_CONVERSION = YES;
				CLANG_WARN_OBJC_IMPLICIT_RETAIN_SELF = YES;
				CLANG_WARN_OBJC_LITERAL_CONVERSION = YES;
				CLANG_WARN_OBJC_ROOT_CLASS = YES_ERROR;
				CLANG_WARN_RANGE_LOOP_ANALYSIS = YES;
				CLANG_WARN_STRICT_PROTOTYPES = YES;
				CLANG_WARN_SUSPICIOUS_MOVE = YES;
				CLANG_WARN_UNGUARDED_AVAILABILITY = YES_AGGRESSIVE;
				CLANG_WARN_UNREACHABLE_CODE = YES;
				CLANG_WARN__DUPLICATE_METHOD_MATCH = YES;
				COPY_PHASE_STRIP = NO;
				DEBUG_INFORMATION_FORMAT = dwarf;
				ENABLE_STRICT_OBJC_MSGSEND = YES;
				ENABLE_TESTABILITY = YES;
				GCC_C_LANGUAGE_STANDARD = gnu11;
				GCC_DYNAMIC_NO_PIC = NO;
				GCC_NO_COMMON_BLOCKS = YES;
				GCC_OPTIMIZATION_LEVEL = 0;
				GCC_PREPROCESSOR_DEFINITIONS = (
					"DEBUG=1",
					"$(inherited)",
				);
				GCC_WARN_64_TO_32_BIT_CONVERSION = YES;
				GCC_WARN_ABOUT_RETURN_TYPE = YES_ERROR;
				GCC_WARN_UNDECLARED_SELECTOR = YES;
				GCC_WARN_UNINITIALIZED_AUTOS = YES_AGGRESSIVE;
				GCC_WARN_UNUSED_FUNCTION = YES;
				GCC_WARN_UNUSED_VARIABLE = YES;
				IPHONEOS_DEPLOYMENT_TARGET = 13.5;
				MTL_ENABLE_DEBUG_INFO = INCLUDE_SOURCE;
				MTL_FAST_MATH = YES;
				ONLY_ACTIVE_ARCH = YES;
				SDKROOT = iphoneos;
				SWIFT_ACTIVE_COMPILATION_CONDITIONS = DEBUG;
				SWIFT_OPTIMIZATION_LEVEL = "-Onone";
			};
			name = Debug;
		};
		B1017B25252DD7650094CAEE /* Release */ = {
			isa = XCBuildConfiguration;
			buildSettings = {
				ALWAYS_SEARCH_USER_PATHS = NO;
				CLANG_ANALYZER_NONNULL = YES;
				CLANG_ANALYZER_NUMBER_OBJECT_CONVERSION = YES_AGGRESSIVE;
				CLANG_CXX_LANGUAGE_STANDARD = "gnu++14";
				CLANG_CXX_LIBRARY = "libc++";
				CLANG_ENABLE_MODULES = YES;
				CLANG_ENABLE_OBJC_ARC = YES;
				CLANG_ENABLE_OBJC_WEAK = YES;
				CLANG_WARN_BLOCK_CAPTURE_AUTORELEASING = YES;
				CLANG_WARN_BOOL_CONVERSION = YES;
				CLANG_WARN_COMMA = YES;
				CLANG_WARN_CONSTANT_CONVERSION = YES;
				CLANG_WARN_DEPRECATED_OBJC_IMPLEMENTATIONS = YES;
				CLANG_WARN_DIRECT_OBJC_ISA_USAGE = YES_ERROR;
				CLANG_WARN_DOCUMENTATION_COMMENTS = YES;
				CLANG_WARN_EMPTY_BODY = YES;
				CLANG_WARN_ENUM_CONVERSION = YES;
				CLANG_WARN_INFINITE_RECURSION = YES;
				CLANG_WARN_INT_CONVERSION = YES;
				CLANG_WARN_NON_LITERAL_NULL_CONVERSION = YES;
				CLANG_WARN_OBJC_IMPLICIT_RETAIN_SELF = YES;
				CLANG_WARN_OBJC_LITERAL_CONVERSION = YES;
				CLANG_WARN_OBJC_ROOT_CLASS = YES_ERROR;
				CLANG_WARN_RANGE_LOOP_ANALYSIS = YES;
				CLANG_WARN_STRICT_PROTOTYPES = YES;
				CLANG_WARN_SUSPICIOUS_MOVE = YES;
				CLANG_WARN_UNGUARDED_AVAILABILITY = YES_AGGRESSIVE;
				CLANG_WARN_UNREACHABLE_CODE = YES;
				CLANG_WARN__DUPLICATE_METHOD_MATCH = YES;
				COPY_PHASE_STRIP = NO;
				DEBUG_INFORMATION_FORMAT = "dwarf-with-dsym";
				ENABLE_NS_ASSERTIONS = NO;
				ENABLE_STRICT_OBJC_MSGSEND = YES;
				GCC_C_LANGUAGE_STANDARD = gnu11;
				GCC_NO_COMMON_BLOCKS = YES;
				GCC_WARN_64_TO_32_BIT_CONVERSION = YES;
				GCC_WARN_ABOUT_RETURN_TYPE = YES_ERROR;
				GCC_WARN_UNDECLARED_SELECTOR = YES;
				GCC_WARN_UNINITIALIZED_AUTOS = YES_AGGRESSIVE;
				GCC_WARN_UNUSED_FUNCTION = YES;
				GCC_WARN_UNUSED_VARIABLE = YES;
				IPHONEOS_DEPLOYMENT_TARGET = 13.5;
				MTL_ENABLE_DEBUG_INFO = NO;
				MTL_FAST_MATH = YES;
				SDKROOT = iphoneos;
				SWIFT_COMPILATION_MODE = wholemodule;
				SWIFT_OPTIMIZATION_LEVEL = "-O";
				VALIDATE_PRODUCT = YES;
			};
			name = Release;
		};
		B1017B27252DD7650094CAEE /* Debug */ = {
			isa = XCBuildConfiguration;
			buildSettings = {
				ASSETCATALOG_COMPILER_APPICON_NAME = AppIcon;
				CODE_SIGN_STYLE = Automatic;
				DEVELOPMENT_ASSET_PATHS = "\"ExpandableButtonSwiftUI/Preview Content\"";
				ENABLE_PREVIEWS = YES;
				INFOPLIST_FILE = ExpandableButtonSwiftUI/Info.plist;
				LD_RUNPATH_SEARCH_PATHS = (
					"$(inherited)",
					"@executable_path/Frameworks",
				);
				PRODUCT_BUNDLE_IDENTIFIER = com.ashish.ExpandableButtonSwiftUI;
				PRODUCT_NAME = "$(TARGET_NAME)";
				SWIFT_VERSION = 5.0;
				TARGETED_DEVICE_FAMILY = "1,2";
			};
			name = Debug;
		};
		B1017B28252DD7650094CAEE /* Release */ = {
			isa = XCBuildConfiguration;
			buildSettings = {
				ASSETCATALOG_COMPILER_APPICON_NAME = AppIcon;
				CODE_SIGN_STYLE = Automatic;
				DEVELOPMENT_ASSET_PATHS = "\"ExpandableButtonSwiftUI/Preview Content\"";
				ENABLE_PREVIEWS = YES;
				INFOPLIST_FILE = ExpandableButtonSwiftUI/Info.plist;
				LD_RUNPATH_SEARCH_PATHS = (
					"$(inherited)",
					"@executable_path/Frameworks",
				);
				PRODUCT_BUNDLE_IDENTIFIER = com.ashish.ExpandableButtonSwiftUI;
				PRODUCT_NAME = "$(TARGET_NAME)";
				SWIFT_VERSION = 5.0;
				TARGETED_DEVICE_FAMILY = "1,2";
			};
			name = Release;
		};
/* End XCBuildConfiguration section */

/* Begin XCConfigurationList section */
		B1017B0D252DD7620094CAEE /* Build configuration list for PBXProject "ExpandableButtonSwiftUI" */ = {
			isa = XCConfigurationList;
			buildConfigurations = (
				B1017B24252DD7650094CAEE /* Debug */,
				B1017B25252DD7650094CAEE /* Release */,
			);
			defaultConfigurationIsVisible = 0;
			defaultConfigurationName = Release;
		};
		B1017B26252DD7650094CAEE /* Build configuration list for PBXNativeTarget "ExpandableButtonSwiftUI" */ = {
			isa = XCConfigurationList;
			buildConfigurations = (
				B1017B27252DD7650094CAEE /* Debug */,
				B1017B28252DD7650094CAEE /* Release */,
			);
			defaultConfigurationIsVisible = 0;
			defaultConfigurationName = Release;
		};
/* End XCConfigurationList section */
	};
	rootObject = B1017B0A252DD7620094CAEE /* Project object */;
}
